
Microsoft Visual Studio Solution File, Format Version 12.00
# Visual Studio Version 16
VisualStudioVersion = 16.0.31624.102
MinimumVisualStudioVersion = 10.0.40219.1
Project("{FAE04EC0-301F-11D3-BF4B-00C04F79EFBC}") = "Görsel Program vize Proje", "Görsel Program vize Proje\Görsel Program vize Proje.csproj", "{3C77DF8E-1F5F-4FB0-B533-12CB0B51C981}"
EndProject
Global
	GlobalSection(SolutionConfigurationPlatforms) = preSolution
		Debug|Any CPU = Debug|Any CPU
		Release|Any CPU = Release|Any CPU
	EndGlobalSection
	GlobalSection(ProjectConfigurationPlatforms) = postSolution
		{3C77DF8E-1F5F-4FB0-B533-12CB0B51C981}.Debug|Any CPU.ActiveCfg = Debug|Any CPU
		{3C77DF8E-1F5F-4FB0-B533-12CB0B51C981}.Debug|Any CPU.Build.0 = Debug|Any CPU
		{3C77DF8E-1F5F-4FB0-B533-12CB0B51C981}.Release|Any CPU.ActiveCfg = Release|Any CPU
		{3C77DF8E-1F5F-4FB0-B533-12CB0B51C981}.Release|Any CPU.Build.0 = Release|Any CPU
	EndGlobalSection
	GlobalSection(SolutionProperties) = preSolution
		HideSolutionNode = FALSE
	EndGlobalSection
	GlobalSection(ExtensibilityGlobals) = postSolution
		SolutionGuid = {0D555FD9-BA08-43FA-A7AA-B733E09DD116}
	EndGlobalSection
EndGlobal
